
Microsoft Visual Studio Solution File, Format Version 12.00
# Visual Studio Version 17
VisualStudioVersion = 17.5.33424.131
MinimumVisualStudioVersion = 10.0.40219.1
Project("{9A19103F-16F7-4668-BE54-9A1E7A4F7556}") = "ChatApp.WebAPI", "ChatApp.WebAPI\ChatApp.WebAPI.csproj", "{618D219B-CA14-4219-A2DB-D970AAEBEE22}"
EndProject
Project("{9A19103F-16F7-4668-BE54-9A1E7A4F7556}") = "ChatApp.DAL", "ChatApp.DAL\ChatApp.DAL.csproj", "{F5C7D545-A365-45D9-9DDD-B9DE883C87FD}"
EndProject
Project("{9A19103F-16F7-4668-BE54-9A1E7A4F7556}") = "ChatApp.Common", "ChatApp.Common\ChatApp.Common.csproj", "{BE8408DE-3592-41AC-AD9E-0B135FB82956}"
EndProject
Project("{9A19103F-16F7-4668-BE54-9A1E7A4F7556}") = "ChatApp.BLL", "ChatApp.BLL\ChatApp.BLL.csproj", "{DD913FCC-1DA6-46E4-8143-2770AC7F5E03}"
EndProject
Project("{FAE04EC0-301F-11D3-BF4B-00C04F79EFBC}") = "ChatApp.UnitTests", "ChatApp.UnitTests\ChatApp.UnitTests.csproj", "{07A10AD1-D436-490E-9A7C-FEFAD6C30A0C}"
EndProject
Global
	GlobalSection(SolutionConfigurationPlatforms) = preSolution
		Debug|Any CPU = Debug|Any CPU
		Release|Any CPU = Release|Any CPU
	EndGlobalSection
	GlobalSection(ProjectConfigurationPlatforms) = postSolution
		{618D219B-CA14-4219-A2DB-D970AAEBEE22}.Debug|Any CPU.ActiveCfg = Debug|Any CPU
		{618D219B-CA14-4219-A2DB-D970AAEBEE22}.Debug|Any CPU.Build.0 = Debug|Any CPU
		{618D219B-CA14-4219-A2DB-D970AAEBEE22}.Release|Any CPU.ActiveCfg = Release|Any CPU
		{618D219B-CA14-4219-A2DB-D970AAEBEE22}.Release|Any CPU.Build.0 = Release|Any CPU
		{F5C7D545-A365-45D9-9DDD-B9DE883C87FD}.Debug|Any CPU.ActiveCfg = Debug|Any CPU
		{F5C7D545-A365-45D9-9DDD-B9DE883C87FD}.Debug|Any CPU.Build.0 = Debug|Any CPU
		{F5C7D545-A365-45D9-9DDD-B9DE883C87FD}.Release|Any CPU.ActiveCfg = Release|Any CPU
		{F5C7D545-A365-45D9-9DDD-B9DE883C87FD}.Release|Any CPU.Build.0 = Release|Any CPU
		{BE8408DE-3592-41AC-AD9E-0B135FB82956}.Debug|Any CPU.ActiveCfg = Debug|Any CPU
		{BE8408DE-3592-41AC-AD9E-0B135FB82956}.Debug|Any CPU.Build.0 = Debug|Any CPU
		{BE8408DE-3592-41AC-AD9E-0B135FB82956}.Release|Any CPU.ActiveCfg = Release|Any CPU
		{BE8408DE-3592-41AC-AD9E-0B135FB82956}.Release|Any CPU.Build.0 = Release|Any CPU
		{DD913FCC-1DA6-46E4-8143-2770AC7F5E03}.Debug|Any CPU.ActiveCfg = Debug|Any CPU
		{DD913FCC-1DA6-46E4-8143-2770AC7F5E03}.Debug|Any CPU.Build.0 = Debug|Any CPU
		{DD913FCC-1DA6-46E4-8143-2770AC7F5E03}.Release|Any CPU.ActiveCfg = Release|Any CPU
		{DD913FCC-1DA6-46E4-8143-2770AC7F5E03}.Release|Any CPU.Build.0 = Release|Any CPU
		{07A10AD1-D436-490E-9A7C-FEFAD6C30A0C}.Debug|Any CPU.ActiveCfg = Debug|Any CPU
		{07A10AD1-D436-490E-9A7C-FEFAD6C30A0C}.Debug|Any CPU.Build.0 = Debug|Any CPU
		{07A10AD1-D436-490E-9A7C-FEFAD6C30A0C}.Release|Any CPU.ActiveCfg = Release|Any CPU
		{07A10AD1-D436-490E-9A7C-FEFAD6C30A0C}.Release|Any CPU.Build.0 = Release|Any CPU
	EndGlobalSection
	GlobalSection(SolutionProperties) = preSolution
		HideSolutionNode = FALSE
	EndGlobalSection
	GlobalSection(ExtensibilityGlobals) = postSolution
		SolutionGuid = {8422DDAF-EFA9-4B83-92B7-1AE27A5F4995}
	EndGlobalSection
EndGlobal
